
Microsoft Visual Studio Solution File, Format Version 12.00
# Visual Studio Version 16
VisualStudioVersion = 16.0.31129.286
MinimumVisualStudioVersion = 10.0.40219.1
Project("{FAE04EC0-301F-11D3-BF4B-00C04F79EFBC}") = "SmartExchangeRateMap.RestApi", "SmartExchangeRateMap.RestApi\SmartExchangeRateMap.RestApi.csproj", "{81FE7891-D6C5-49B9-BBAB-12AFA663F64A}"
EndProject
Global
	GlobalSection(SolutionConfigurationPlatforms) = preSolution
		Debug|Any CPU = Debug|Any CPU
		Release|Any CPU = Release|Any CPU
	EndGlobalSection
	GlobalSection(ProjectConfigurationPlatforms) = postSolution
		{81FE7891-D6C5-49B9-BBAB-12AFA663F64A}.Debug|Any CPU.ActiveCfg = Debug|Any CPU
		{81FE7891-D6C5-49B9-BBAB-12AFA663F64A}.Debug|Any CPU.Build.0 = Debug|Any CPU
		{81FE7891-D6C5-49B9-BBAB-12AFA663F64A}.Release|Any CPU.ActiveCfg = Release|Any CPU
		{81FE7891-D6C5-49B9-BBAB-12AFA663F64A}.Release|Any CPU.Build.0 = Release|Any CPU
	EndGlobalSection
	GlobalSection(SolutionProperties) = preSolution
		HideSolutionNode = FALSE
	EndGlobalSection
	GlobalSection(ExtensibilityGlobals) = postSolution
		SolutionGuid = {7D4E5CDC-6600-4CBD-976B-E399BE3F42CF}
	EndGlobalSection
EndGlobal
